
Microsoft Visual Studio Solution File, Format Version 12.00
# Visual Studio Version 17
VisualStudioVersion = 17.3.32825.248
MinimumVisualStudioVersion = 10.0.40219.1
Project("{FAE04EC0-301F-11D3-BF4B-00C04F79EFBC}") = "Lab 2.3", "Lab 2.3.csproj", "{2F4C59B3-7A7C-4A0A-96CC-7DD65D6111B1}"
EndProject
Global
	GlobalSection(SolutionConfigurationPlatforms) = preSolution
		Debug|Any CPU = Debug|Any CPU
		Release|Any CPU = Release|Any CPU
	EndGlobalSection
	GlobalSection(ProjectConfigurationPlatforms) = postSolution
		{2F4C59B3-7A7C-4A0A-96CC-7DD65D6111B1}.Debug|Any CPU.ActiveCfg = Debug|Any CPU
		{2F4C59B3-7A7C-4A0A-96CC-7DD65D6111B1}.Debug|Any CPU.Build.0 = Debug|Any CPU
		{2F4C59B3-7A7C-4A0A-96CC-7DD65D6111B1}.Release|Any CPU.ActiveCfg = Release|Any CPU
		{2F4C59B3-7A7C-4A0A-96CC-7DD65D6111B1}.Release|Any CPU.Build.0 = Release|Any CPU
	EndGlobalSection
	GlobalSection(SolutionProperties) = preSolution
		HideSolutionNode = FALSE
	EndGlobalSection
	GlobalSection(ExtensibilityGlobals) = postSolution
		SolutionGuid = {E190B012-114D-47F4-A71B-AC728F68D9A0}
	EndGlobalSection
EndGlobal
